// !$*UTF8*$!
{
	archiveVersion = 1;
	classes = {
	};
	objectVersion = 55;
	objects = {

/* Begin PBXBuildFile section */
		AB083B33274B613C00B38C61 /* TabBarViewSUI.swift in Sources */ = {isa = PBXBuildFile; fileRef = AB083B32274B613C00B38C61 /* TabBarViewSUI.swift */; };
		AB083B35274B622900B38C61 /* CollectionViewSUI.swift in Sources */ = {isa = PBXBuildFile; fileRef = AB083B34274B622900B38C61 /* CollectionViewSUI.swift */; };
		AB083B37274B623300B38C61 /* QGridViewSUI.swift in Sources */ = {isa = PBXBuildFile; fileRef = AB083B36274B623300B38C61 /* QGridViewSUI.swift */; };
		AB083B3D274B652800B38C61 /* Storage.swift in Sources */ = {isa = PBXBuildFile; fileRef = AB083B3C274B652800B38C61 /* Storage.swift */; };
		AB083B40274D47A800B38C61 /* QGrid in Frameworks */ = {isa = PBXBuildFile; productRef = AB083B3F274D47A800B38C61 /* QGrid */; };
		AB09D8E5274B5DC00070FF7E /* SwiftUIGridLayoutApp.swift in Sources */ = {isa = PBXBuildFile; fileRef = AB09D8E4274B5DC00070FF7E /* SwiftUIGridLayoutApp.swift */; };
		AB09D8E7274B5DC00070FF7E /* ContentView.swift in Sources */ = {isa = PBXBuildFile; fileRef = AB09D8E6274B5DC00070FF7E /* ContentView.swift */; };
		AB09D8E9274B5DC10070FF7E /* Assets.xcassets in Resources */ = {isa = PBXBuildFile; fileRef = AB09D8E8274B5DC10070FF7E /* Assets.xcassets */; };
		AB09D8EC274B5DC10070FF7E /* Preview Assets.xcassets in Resources */ = {isa = PBXBuildFile; fileRef = AB09D8EB274B5DC10070FF7E /* Preview Assets.xcassets */; };
		AB09D8EE274B5DC10070FF7E /* Persistence.swift in Sources */ = {isa = PBXBuildFile; fileRef = AB09D8ED274B5DC10070FF7E /* Persistence.swift */; };
		AB09D8F1274B5DC10070FF7E /* SwiftUIGridLayout.xcdatamodeld in Sources */ = {isa = PBXBuildFile; fileRef = AB09D8EF274B5DC10070FF7E /* SwiftUIGridLayout.xcdatamodeld */; };
		AB09D8FB274B5DC10070FF7E /* SwiftUIGridLayoutTests.swift in Sources */ = {isa = PBXBuildFile; fileRef = AB09D8FA274B5DC10070FF7E /* SwiftUIGridLayoutTests.swift */; };
		AB09D905274B5DC10070FF7E /* SwiftUIGridLayoutUITests.swift in Sources */ = {isa = PBXBuildFile; fileRef = AB09D904274B5DC10070FF7E /* SwiftUIGridLayoutUITests.swift */; };
		AB09D907274B5DC10070FF7E /* SwiftUIGridLayoutUITestsLaunchTests.swift in Sources */ = {isa = PBXBuildFile; fileRef = AB09D906274B5DC10070FF7E /* SwiftUIGridLayoutUITestsLaunchTests.swift */; };
		AB473C68274D497500DB2317 /* people.json in Resources */ = {isa = PBXBuildFile; fileRef = AB473C66274D494E00DB2317 /* people.json */; };
/* End PBXBuildFile section */

/* Begin PBXContainerItemProxy section */
		AB09D8F7274B5DC10070FF7E /* PBXContainerItemProxy */ = {
			isa = PBXContainerItemProxy;
			containerPortal = AB09D8D9274B5DC00070FF7E /* Project object */;
			proxyType = 1;
			remoteGlobalIDString = AB09D8E0274B5DC00070FF7E;
			remoteInfo = SwiftUIGridLayout;
		};
		AB09D901274B5DC10070FF7E /* PBXContainerItemProxy */ = {
			isa = PBXContainerItemProxy;
			containerPortal = AB09D8D9274B5DC00070FF7E /* Project object */;
			proxyType = 1;
			remoteGlobalIDString = AB09D8E0274B5DC00070FF7E;
			remoteInfo = SwiftUIGridLayout;
		};
/* End PBXContainerItemProxy section */

/* Begin PBXFileReference section */
		AB083B32274B613C00B38C61 /* TabBarViewSUI.swift */ = {isa = PBXFileReference; lastKnownFileType = sourcecode.swift; path = TabBarViewSUI.swift; sourceTree = "<group>"; };
		AB083B34274B622900B38C61 /* CollectionViewSUI.swift */ = {isa = PBXFileReference; lastKnownFileType = sourcecode.swift; path = CollectionViewSUI.swift; sourceTree = "<group>"; };
		AB083B36274B623300B38C61 /* QGridViewSUI.swift */ = {isa = PBXFileReference; lastKnownFileType = sourcecode.swift; path = QGridViewSUI.swift; sourceTree = "<group>"; };
		AB083B3C274B652800B38C61 /* Storage.swift */ = {isa = PBXFileReference; lastKnownFileType = sourcecode.swift; path = Storage.swift; sourceTree = "<group>"; };
		AB09D8E1274B5DC00070FF7E /* SwiftUIGridLayout.app */ = {isa = PBXFileReference; explicitFileType = wrapper.application; includeInIndex = 0; path = SwiftUIGridLayout.app; sourceTree = BUILT_PRODUCTS_DIR; };
		AB09D8E4274B5DC00070FF7E /* SwiftUIGridLayoutApp.swift */ = {isa = PBXFileReference; lastKnownFileType = sourcecode.swift; path = SwiftUIGridLayoutApp.swift; sourceTree = "<group>"; };
		AB09D8E6274B5DC00070FF7E /* ContentView.swift */ = {isa = PBXFileReference; lastKnownFileType = sourcecode.swift; path = ContentView.swift; sourceTree = "<group>"; };
		AB09D8E8274B5DC10070FF7E /* Assets.xcassets */ = {isa = PBXFileReference; lastKnownFileType = folder.assetcatalog; path = Assets.xcassets; sourceTree = "<group>"; };
		AB09D8EB274B5DC10070FF7E /* Preview Assets.xcassets */ = {isa = PBXFileReference; lastKnownFileType = folder.assetcatalog; path = "Preview Assets.xcassets"; sourceTree = "<group>"; };
		AB09D8ED274B5DC10070FF7E /* Persistence.swift */ = {isa = PBXFileReference; lastKnownFileType = sourcecode.swift; path = Persistence.swift; sourceTree = "<group>"; };
		AB09D8F0274B5DC10070FF7E /* SwiftUIGridLayout.xcdatamodel */ = {isa = PBXFileReference; lastKnownFileType = wrapper.xcdatamodel; path = SwiftUIGridLayout.xcdatamodel; sourceTree = "<group>"; };
		AB09D8F6274B5DC10070FF7E /* SwiftUIGridLayoutTests.xctest */ = {isa = PBXFileReference; explicitFileType = wrapper.cfbundle; includeInIndex = 0; path = SwiftUIGridLayoutTests.xctest; sourceTree = BUILT_PRODUCTS_DIR; };
		AB09D8FA274B5DC10070FF7E /* SwiftUIGridLayoutTests.swift */ = {isa = PBXFileReference; lastKnownFileType = sourcecode.swift; path = SwiftUIGridLayoutTests.swift; sourceTree = "<group>"; };
		AB09D900274B5DC10070FF7E /* SwiftUIGridLayoutUITests.xctest */ = {isa = PBXFileReference; explicitFileType = wrapper.cfbundle; includeInIndex = 0; path = SwiftUIGridLayoutUITests.xctest; sourceTree = BUILT_PRODUCTS_DIR; };
		AB09D904274B5DC10070FF7E /* SwiftUIGridLayoutUITests.swift */ = {isa = PBXFileReference; lastKnownFileType = sourcecode.swift; path = SwiftUIGridLayoutUITests.swift; sourceTree = "<group>"; };
		AB09D906274B5DC10070FF7E /* SwiftUIGridLayoutUITestsLaunchTests.swift */ = {isa = PBXFileReference; lastKnownFileType = sourcecode.swift; path = SwiftUIGridLayoutUITestsLaunchTests.swift; sourceTree = "<group>"; };
		AB473C66274D494E00DB2317 /* people.json */ = {isa = PBXFileReference; lastKnownFileType = text.json; path = people.json; sourceTree = "<group>"; };
/* End PBXFileReference section */

/* Begin PBXFrameworksBuildPhase section */
		AB09D8DE274B5DC00070FF7E /* Frameworks */ = {
			isa = PBXFrameworksBuildPhase;
			buildActionMask = 2147483647;
			files = (
				AB083B40274D47A800B38C61 /* QGrid in Frameworks */,
			);
			runOnlyForDeploymentPostprocessing = 0;
		};
		AB09D8F3274B5DC10070FF7E /* Frameworks */ = {
			isa = PBXFrameworksBuildPhase;
			buildActionMask = 2147483647;
			files = (
			);
			runOnlyForDeploymentPostprocessing = 0;
		};
		AB09D8FD274B5DC10070FF7E /* Frameworks */ = {
			isa = PBXFrameworksBuildPhase;
			buildActionMask = 2147483647;
			files = (
			);
			runOnlyForDeploymentPostprocessing = 0;
		};
/* End PBXFrameworksBuildPhase section */

/* Begin PBXGroup section */
		AB083B3A274B64FA00B38C61 /* Views */ = {
			isa = PBXGroup;
			children = (
				AB083B34274B622900B38C61 /* CollectionViewSUI.swift */,
				AB083B36274B623300B38C61 /* QGridViewSUI.swift */,
			);
			path = Views;
			sourceTree = "<group>";
		};
		AB083B3B274B650D00B38C61 /* Helper */ = {
			isa = PBXGroup;
			children = (
				AB083B3C274B652800B38C61 /* Storage.swift */,
			);
			path = Helper;
			sourceTree = "<group>";
		};
		AB083B3E274D47A800B38C61 /* Frameworks */ = {
			isa = PBXGroup;
			children = (
			);
			name = Frameworks;
			sourceTree = "<group>";
		};
		AB09D8D8274B5DC00070FF7E = {
			isa = PBXGroup;
			children = (
				AB09D8E3274B5DC00070FF7E /* SwiftUIGridLayout */,
				AB09D8F9274B5DC10070FF7E /* SwiftUIGridLayoutTests */,
				AB09D903274B5DC10070FF7E /* SwiftUIGridLayoutUITests */,
				AB09D8E2274B5DC00070FF7E /* Products */,
				AB083B3E274D47A800B38C61 /* Frameworks */,
			);
			sourceTree = "<group>";
		};
		AB09D8E2274B5DC00070FF7E /* Products */ = {
			isa = PBXGroup;
			children = (
				AB09D8E1274B5DC00070FF7E /* SwiftUIGridLayout.app */,
				AB09D8F6274B5DC10070FF7E /* SwiftUIGridLayoutTests.xctest */,
				AB09D900274B5DC10070FF7E /* SwiftUIGridLayoutUITests.xctest */,
			);
			name = Products;
			sourceTree = "<group>";
		};
		AB09D8E3274B5DC00070FF7E /* SwiftUIGridLayout */ = {
			isa = PBXGroup;
			children = (
				AB09D8E4274B5DC00070FF7E /* SwiftUIGridLayoutApp.swift */,
				AB09D8E6274B5DC00070FF7E /* ContentView.swift */,
				AB083B32274B613C00B38C61 /* TabBarViewSUI.swift */,
				AB083B3B274B650D00B38C61 /* Helper */,
				AB083B3A274B64FA00B38C61 /* Views */,
				AB473C67274D496200DB2317 /* Resources */,
				AB09D8E8274B5DC10070FF7E /* Assets.xcassets */,
				AB09D8ED274B5DC10070FF7E /* Persistence.swift */,
				AB09D8EF274B5DC10070FF7E /* SwiftUIGridLayout.xcdatamodeld */,
				AB09D8EA274B5DC10070FF7E /* Preview Content */,
			);
			path = SwiftUIGridLayout;
			sourceTree = "<group>";
		};
		AB09D8EA274B5DC10070FF7E /* Preview Content */ = {
			isa = PBXGroup;
			children = (
				AB09D8EB274B5DC10070FF7E /* Preview Assets.xcassets */,
			);
			path = "Preview Content";
			sourceTree = "<group>";
		};
		AB09D8F9274B5DC10070FF7E /* SwiftUIGridLayoutTests */ = {
			isa = PBXGroup;
			children = (
				AB09D8FA274B5DC10070FF7E /* SwiftUIGridLayoutTests.swift */,
			);
			path = SwiftUIGridLayoutTests;
			sourceTree = "<group>";
		};
		AB09D903274B5DC10070FF7E /* SwiftUIGridLayoutUITests */ = {
			isa = PBXGroup;
			children = (
				AB09D904274B5DC10070FF7E /* SwiftUIGridLayoutUITests.swift */,
				AB09D906274B5DC10070FF7E /* SwiftUIGridLayoutUITestsLaunchTests.swift */,
			);
			path = SwiftUIGridLayoutUITests;
			sourceTree = "<group>";
		};
		AB473C67274D496200DB2317 /* Resources */ = {
			isa = PBXGroup;
			children = (
				AB473C66274D494E00DB2317 /* people.json */,
			);
			path = Resources;
			sourceTree = "<group>";
		};
/* End PBXGroup section */

/* Begin PBXNativeTarget section */
		AB09D8E0274B5DC00070FF7E /* SwiftUIGridLayout */ = {
			isa = PBXNativeTarget;
			buildConfigurationList = AB09D90A274B5DC10070FF7E /* Build configuration list for PBXNativeTarget "SwiftUIGridLayout" */;
			buildPhases = (
				AB09D8DD274B5DC00070FF7E /* Sources */,
				AB09D8DE274B5DC00070FF7E /* Frameworks */,
				AB09D8DF274B5DC00070FF7E /* Resources */,
			);
			buildRules = (
			);
			dependencies = (
			);
			name = SwiftUIGridLayout;
			packageProductDependencies = (
				AB083B3F274D47A800B38C61 /* QGrid */,
			);
			productName = SwiftUIGridLayout;
			productReference = AB09D8E1274B5DC00070FF7E /* SwiftUIGridLayout.app */;
			productType = "com.apple.product-type.application";
		};
		AB09D8F5274B5DC10070FF7E /* SwiftUIGridLayoutTests */ = {
			isa = PBXNativeTarget;
			buildConfigurationList = AB09D90D274B5DC10070FF7E /* Build configuration list for PBXNativeTarget "SwiftUIGridLayoutTests" */;
			buildPhases = (
				AB09D8F2274B5DC10070FF7E /* Sources */,
				AB09D8F3274B5DC10070FF7E /* Frameworks */,
				AB09D8F4274B5DC10070FF7E /* Resources */,
			);
			buildRules = (
			);
			dependencies = (
				AB09D8F8274B5DC10070FF7E /* PBXTargetDependency */,
			);
			name = SwiftUIGridLayoutTests;
			productName = SwiftUIGridLayoutTests;
			productReference = AB09D8F6274B5DC10070FF7E /* SwiftUIGridLayoutTests.xctest */;
			productType = "com.apple.product-type.bundle.unit-test";
		};
		AB09D8FF274B5DC10070FF7E /* SwiftUIGridLayoutUITests */ = {
			isa = PBXNativeTarget;
			buildConfigurationList = AB09D910274B5DC10070FF7E /* Build configuration list for PBXNativeTarget "SwiftUIGridLayoutUITests" */;
			buildPhases = (
				AB09D8FC274B5DC10070FF7E /* Sources */,
				AB09D8FD274B5DC10070FF7E /* Frameworks */,
				AB09D8FE274B5DC10070FF7E /* Resources */,
			);
			buildRules = (
			);
			dependencies = (
				AB09D902274B5DC10070FF7E /* PBXTargetDependency */,
			);
			name = SwiftUIGridLayoutUITests;
			productName = SwiftUIGridLayoutUITests;
			productReference = AB09D900274B5DC10070FF7E /* SwiftUIGridLayoutUITests.xctest */;
			productType = "com.apple.product-type.bundle.ui-testing";
		};
/* End PBXNativeTarget section */

/* Begin PBXProject section */
		AB09D8D9274B5DC00070FF7E /* Project object */ = {
			isa = PBXProject;
			attributes = {
				BuildIndependentTargetsInParallel = 1;
				LastSwiftUpdateCheck = 1300;
				LastUpgradeCheck = 1300;
				TargetAttributes = {
					AB09D8E0274B5DC00070FF7E = {
						CreatedOnToolsVersion = 13.0;
					};
					AB09D8F5274B5DC10070FF7E = {
						CreatedOnToolsVersion = 13.0;
						TestTargetID = AB09D8E0274B5DC00070FF7E;
					};
					AB09D8FF274B5DC10070FF7E = {
						CreatedOnToolsVersion = 13.0;
						TestTargetID = AB09D8E0274B5DC00070FF7E;
					};
				};
			};
			buildConfigurationList = AB09D8DC274B5DC00070FF7E /* Build configuration list for PBXProject "SwiftUIGridLayout" */;
			compatibilityVersion = "Xcode 13.0";
			developmentRegion = en;
			hasScannedForEncodings = 0;
			knownRegions = (
				en,
				Base,
			);
			mainGroup = AB09D8D8274B5DC00070FF7E;
			packageReferences = (
				AB09D913274B5F2C0070FF7E /* XCRemoteSwiftPackageReference "QGrid" */,
			);
			productRefGroup = AB09D8E2274B5DC00070FF7E /* Products */;
			projectDirPath = "";
			projectRoot = "";
			targets = (
				AB09D8E0274B5DC00070FF7E /* SwiftUIGridLayout */,
				AB09D8F5274B5DC10070FF7E /* SwiftUIGridLayoutTests */,
				AB09D8FF274B5DC10070FF7E /* SwiftUIGridLayoutUITests */,
			);
		};
/* End PBXProject section */

/* Begin PBXResourcesBuildPhase section */
		AB09D8DF274B5DC00070FF7E /* Resources */ = {
			isa = PBXResourcesBuildPhase;
			buildActionMask = 2147483647;
			files = (
				AB473C68274D497500DB2317 /* people.json in Resources */,
				AB09D8EC274B5DC10070FF7E /* Preview Assets.xcassets in Resources */,
				AB09D8E9274B5DC10070FF7E /* Assets.xcassets in Resources */,
			);
			runOnlyForDeploymentPostprocessing = 0;
		};
		AB09D8F4274B5DC10070FF7E /* Resources */ = {
			isa = PBXResourcesBuildPhase;
			buildActionMask = 2147483647;
			files = (
			);
			runOnlyForDeploymentPostprocessing = 0;
		};
		AB09D8FE274B5DC10070FF7E /* Resources */ = {
			isa = PBXResourcesBuildPhase;
			buildActionMask = 2147483647;
			files = (
			);
			runOnlyForDeploymentPostprocessing = 0;
		};
/* End PBXResourcesBuildPhase section */

/* Begin PBXSourcesBuildPhase section */
		AB09D8DD274B5DC00070FF7E /* Sources */ = {
			isa = PBXSourcesBuildPhase;
			buildActionMask = 2147483647;
			files = (
				AB083B35274B622900B38C61 /* CollectionViewSUI.swift in Sources */,
				AB083B33274B613C00B38C61 /* TabBarViewSUI.swift in Sources */,
				AB09D8EE274B5DC10070FF7E /* Persistence.swift in Sources */,
				AB09D8F1274B5DC10070FF7E /* SwiftUIGridLayout.xcdatamodeld in Sources */,
				AB09D8E7274B5DC00070FF7E /* ContentView.swift in Sources */,
				AB083B3D274B652800B38C61 /* Storage.swift in Sources */,
				AB083B37274B623300B38C61 /* QGridViewSUI.swift in Sources */,
				AB09D8E5274B5DC00070FF7E /* SwiftUIGridLayoutApp.swift in Sources */,
			);
			runOnlyForDeploymentPostprocessing = 0;
		};
		AB09D8F2274B5DC10070FF7E /* Sources */ = {
			isa = PBXSourcesBuildPhase;
			buildActionMask = 2147483647;
			files = (
				AB09D8FB274B5DC10070FF7E /* SwiftUIGridLayoutTests.swift in Sources */,
			);
			runOnlyForDeploymentPostprocessing = 0;
		};
		AB09D8FC274B5DC10070FF7E /* Sources */ = {
			isa = PBXSourcesBuildPhase;
			buildActionMask = 2147483647;
			files = (
				AB09D907274B5DC10070FF7E /* SwiftUIGridLayoutUITestsLaunchTests.swift in Sources */,
				AB09D905274B5DC10070FF7E /* SwiftUIGridLayoutUITests.swift in Sources */,
			);
			runOnlyForDeploymentPostprocessing = 0;
		};
/* End PBXSourcesBuildPhase section */

/* Begin PBXTargetDependency section */
		AB09D8F8274B5DC10070FF7E /* PBXTargetDependency */ = {
			isa = PBXTargetDependency;
			target = AB09D8E0274B5DC00070FF7E /* SwiftUIGridLayout */;
			targetProxy = AB09D8F7274B5DC10070FF7E /* PBXContainerItemProxy */;
		};
		AB09D902274B5DC10070FF7E /* PBXTargetDependency */ = {
			isa = PBXTargetDependency;
			target = AB09D8E0274B5DC00070FF7E /* SwiftUIGridLayout */;
			targetProxy = AB09D901274B5DC10070FF7E /* PBXContainerItemProxy */;
		};
/* End PBXTargetDependency section */

/* Begin XCBuildConfiguration section */
		AB09D908274B5DC10070FF7E /* Debug */ = {
			isa = XCBuildConfiguration;
			buildSettings = {
				ALWAYS_SEARCH_USER_PATHS = NO;
				CLANG_ANALYZER_NONNULL = YES;
				CLANG_ANALYZER_NUMBER_OBJECT_CONVERSION = YES_AGGRESSIVE;
				CLANG_CXX_LANGUAGE_STANDARD = "gnu++17";
				CLANG_CXX_LIBRARY = "libc++";
				CLANG_ENABLE_MODULES = YES;
				CLANG_ENABLE_OBJC_ARC = YES;
				CLANG_ENABLE_OBJC_WEAK = YES;
				CLANG_WARN_BLOCK_CAPTURE_AUTORELEASING = YES;
				CLANG_WARN_BOOL_CONVERSION = YES;
				CLANG_WARN_COMMA = YES;
				CLANG_WARN_CONSTANT_CONVERSION = YES;
				CLANG_WARN_DEPRECATED_OBJC_IMPLEMENTATIONS = YES;
				CLANG_WARN_DIRECT_OBJC_ISA_USAGE = YES_ERROR;
				CLANG_WARN_DOCUMENTATION_COMMENTS = YES;
				CLANG_WARN_EMPTY_BODY = YES;
				CLANG_WARN_ENUM_CONVERSION = YES;
				CLANG_WARN_INFINITE_RECURSION = YES;
				CLANG_WARN_INT_CONVERSION = YES;
				CLANG_WARN_NON_LITERAL_NULL_CONVERSION = YES;
				CLANG_WARN_OBJC_IMPLICIT_RETAIN_SELF = YES;
				CLANG_WARN_OBJC_LITERAL_CONVERSION = YES;
				CLANG_WARN_OBJC_ROOT_CLASS = YES_ERROR;
				CLANG_WARN_QUOTED_INCLUDE_IN_FRAMEWORK_HEADER = YES;
				CLANG_WARN_RANGE_LOOP_ANALYSIS = YES;
				CLANG_WARN_STRICT_PROTOTYPES = YES;
				CLANG_WARN_SUSPICIOUS_MOVE = YES;
				CLANG_WARN_UNGUARDED_AVAILABILITY = YES_AGGRESSIVE;
				CLANG_WARN_UNREACHABLE_CODE = YES;
				CLANG_WARN__DUPLICATE_METHOD_MATCH = YES;
				COPY_PHASE_STRIP = NO;
				DEBUG_INFORMATION_FORMAT = dwarf;
				ENABLE_STRICT_OBJC_MSGSEND = YES;
				ENABLE_TESTABILITY = YES;
				GCC_C_LANGUAGE_STANDARD = gnu11;
				GCC_DYNAMIC_NO_PIC = NO;
				GCC_NO_COMMON_BLOCKS = YES;
				GCC_OPTIMIZATION_LEVEL = 0;
				GCC_PREPROCESSOR_DEFINITIONS = (
					"DEBUG=1",
					"$(inherited)",
				);
				GCC_WARN_64_TO_32_BIT_CONVERSION = YES;
				GCC_WARN_ABOUT_RETURN_TYPE = YES_ERROR;
				GCC_WARN_UNDECLARED_SELECTOR = YES;
				GCC_WARN_UNINITIALIZED_AUTOS = YES_AGGRESSIVE;
				GCC_WARN_UNUSED_FUNCTION = YES;
				GCC_WARN_UNUSED_VARIABLE = YES;
				IPHONEOS_DEPLOYMENT_TARGET = 15.0;
				MTL_ENABLE_DEBUG_INFO = INCLUDE_SOURCE;
				MTL_FAST_MATH = YES;
				ONLY_ACTIVE_ARCH = YES;
				SDKROOT = iphoneos;
				SWIFT_ACTIVE_COMPILATION_CONDITIONS = DEBUG;
				SWIFT_OPTIMIZATION_LEVEL = "-Onone";
			};
			name = Debug;
		};
		AB09D909274B5DC10070FF7E /* Release */ = {
			isa = XCBuildConfiguration;
			buildSettings = {
				ALWAYS_SEARCH_USER_PATHS = NO;
				CLANG_ANALYZER_NONNULL = YES;
				CLANG_ANALYZER_NUMBER_OBJECT_CONVERSION = YES_AGGRESSIVE;
				CLANG_CXX_LANGUAGE_STANDARD = "gnu++17";
				CLANG_CXX_LIBRARY = "libc++";
				CLANG_ENABLE_MODULES = YES;
				CLANG_ENABLE_OBJC_ARC = YES;
				CLANG_ENABLE_OBJC_WEAK = YES;
				CLANG_WARN_BLOCK_CAPTURE_AUTORELEASING = YES;
				CLANG_WARN_BOOL_CONVERSION = YES;
				CLANG_WARN_COMMA = YES;
				CLANG_WARN_CONSTANT_CONVERSION = YES;
				CLANG_WARN_DEPRECATED_OBJC_IMPLEMENTATIONS = YES;
				CLANG_WARN_DIRECT_OBJC_ISA_USAGE = YES_ERROR;
				CLANG_WARN_DOCUMENTATION_COMMENTS = YES;
				CLANG_WARN_EMPTY_BODY = YES;
				CLANG_WARN_ENUM_CONVERSION = YES;
				CLANG_WARN_INFINITE_RECURSION = YES;
				CLANG_WARN_INT_CONVERSION = YES;
				CLANG_WARN_NON_LITERAL_NULL_CONVERSION = YES;
				CLANG_WARN_OBJC_IMPLICIT_RETAIN_SELF = YES;
				CLANG_WARN_OBJC_LITERAL_CONVERSION = YES;
				CLANG_WARN_OBJC_ROOT_CLASS = YES_ERROR;
				CLANG_WARN_QUOTED_INCLUDE_IN_FRAMEWORK_HEADER = YES;
				CLANG_WARN_RANGE_LOOP_ANALYSIS = YES;
				CLANG_WARN_STRICT_PROTOTYPES = YES;
				CLANG_WARN_SUSPICIOUS_MOVE = YES;
				CLANG_WARN_UNGUARDED_AVAILABILITY = YES_AGGRESSIVE;
				CLANG_WARN_UNREACHABLE_CODE = YES;
				CLANG_WARN__DUPLICATE_METHOD_MATCH = YES;
				COPY_PHASE_STRIP = NO;
				DEBUG_INFORMATION_FORMAT = "dwarf-with-dsym";
				ENABLE_NS_ASSERTIONS = NO;
				ENABLE_STRICT_OBJC_MSGSEND = YES;
				GCC_C_LANGUAGE_STANDARD = gnu11;
				GCC_NO_COMMON_BLOCKS = YES;
				GCC_WARN_64_TO_32_BIT_CONVERSION = YES;
				GCC_WARN_ABOUT_RETURN_TYPE = YES_ERROR;
				GCC_WARN_UNDECLARED_SELECTOR = YES;
				GCC_WARN_UNINITIALIZED_AUTOS = YES_AGGRESSIVE;
				GCC_WARN_UNUSED_FUNCTION = YES;
				GCC_WARN_UNUSED_VARIABLE = YES;
				IPHONEOS_DEPLOYMENT_TARGET = 15.0;
				MTL_ENABLE_DEBUG_INFO = NO;
				MTL_FAST_MATH = YES;
				SDKROOT = iphoneos;
				SWIFT_COMPILATION_MODE = wholemodule;
				SWIFT_OPTIMIZATION_LEVEL = "-O";
				VALIDATE_PRODUCT = YES;
			};
			name = Release;
		};
		AB09D90B274B5DC10070FF7E /* Debug */ = {
			isa = XCBuildConfiguration;
			buildSettings = {
				ASSETCATALOG_COMPILER_APPICON_NAME = AppIcon;
				ASSETCATALOG_COMPILER_GLOBAL_ACCENT_COLOR_NAME = AccentColor;
				CODE_SIGN_STYLE = Automatic;
				CURRENT_PROJECT_VERSION = 1;
				DEVELOPMENT_ASSET_PATHS = "\"SwiftUIGridLayout/Preview Content\"";
				DEVELOPMENT_TEAM = B7N28739PP;
				ENABLE_PREVIEWS = YES;
				GENERATE_INFOPLIST_FILE = YES;
				INFOPLIST_KEY_UIApplicationSceneManifest_Generation = YES;
				INFOPLIST_KEY_UIApplicationSupportsIndirectInputEvents = YES;
				INFOPLIST_KEY_UILaunchScreen_Generation = YES;
				INFOPLIST_KEY_UISupportedInterfaceOrientations_iPad = "UIInterfaceOrientationPortrait UIInterfaceOrientationPortraitUpsideDown UIInterfaceOrientationLandscapeLeft UIInterfaceOrientationLandscapeRight";
				INFOPLIST_KEY_UISupportedInterfaceOrientations_iPhone = "UIInterfaceOrientationPortrait UIInterfaceOrientationLandscapeLeft UIInterfaceOrientationLandscapeRight";
				IPHONEOS_DEPLOYMENT_TARGET = 14.0;
				LD_RUNPATH_SEARCH_PATHS = (
					"$(inherited)",
					"@executable_path/Frameworks",
				);
				MARKETING_VERSION = 1.0;
				PRODUCT_BUNDLE_IDENTIFIER = ajaygirolkar.SwiftUIGridLayout;
				PRODUCT_NAME = "$(TARGET_NAME)";
				SWIFT_EMIT_LOC_STRINGS = YES;
				SWIFT_VERSION = 5.0;
				TARGETED_DEVICE_FAMILY = "1,2";
			};
			name = Debug;
		};
		AB09D90C274B5DC10070FF7E /* Release */ = {
			isa = XCBuildConfiguration;
			buildSettings = {
				ASSETCATALOG_COMPILER_APPICON_NAME = AppIcon;
				ASSETCATALOG_COMPILER_GLOBAL_ACCENT_COLOR_NAME = AccentColor;
				CODE_SIGN_STYLE = Automatic;
				CURRENT_PROJECT_VERSION = 1;
				DEVELOPMENT_ASSET_PATHS = "\"SwiftUIGridLayout/Preview Content\"";
				DEVELOPMENT_TEAM = B7N28739PP;
				ENABLE_PREVIEWS = YES;
				GENERATE_INFOPLIST_FILE = YES;
				INFOPLIST_KEY_UIApplicationSceneManifest_Generation = YES;
				INFOPLIST_KEY_UIApplicationSupportsIndirectInputEvents = YES;
				INFOPLIST_KEY_UILaunchScreen_Generation = YES;
				INFOPLIST_KEY_UISupportedInterfaceOrientations_iPad = "UIInterfaceOrientationPortrait UIInterfaceOrientationPortraitUpsideDown UIInterfaceOrientationLandscapeLeft UIInterfaceOrientationLandscapeRight";
				INFOPLIST_KEY_UISupportedInterfaceOrientations_iPhone = "UIInterfaceOrientationPortrait UIInterfaceOrientationLandscapeLeft UIInterfaceOrientationLandscapeRight";
				IPHONEOS_DEPLOYMENT_TARGET = 14.0;
				LD_RUNPATH_SEARCH_PATHS = (
					"$(inherited)",
					"@executable_path/Frameworks",
				);
				MARKETING_VERSION = 1.0;
				PRODUCT_BUNDLE_IDENTIFIER = ajaygirolkar.SwiftUIGridLayout;
				PRODUCT_NAME = "$(TARGET_NAME)";
				SWIFT_EMIT_LOC_STRINGS = YES;
				SWIFT_VERSION = 5.0;
				TARGETED_DEVICE_FAMILY = "1,2";
			};
			name = Release;
		};
		AB09D90E274B5DC10070FF7E /* Debug */ = {
			isa = XCBuildConfiguration;
			buildSettings = {
				ALWAYS_EMBED_SWIFT_STANDARD_LIBRARIES = YES;
				BUNDLE_LOADER = "$(TEST_HOST)";
				CODE_SIGN_STYLE = Automatic;
				CURRENT_PROJECT_VERSION = 1;
				DEVELOPMENT_TEAM = B7N28739PP;
				GENERATE_INFOPLIST_FILE = YES;
				IPHONEOS_DEPLOYMENT_TARGET = 14.0;
				LD_RUNPATH_SEARCH_PATHS = (
					"$(inherited)",
					"@executable_path/Frameworks",
					"@loader_path/Frameworks",
				);
				MARKETING_VERSION = 1.0;
				PRODUCT_BUNDLE_IDENTIFIER = ajaygirolkar.SwiftUIGridLayoutTests;
				PRODUCT_NAME = "$(TARGET_NAME)";
				SWIFT_EMIT_LOC_STRINGS = NO;
				SWIFT_VERSION = 5.0;
				TARGETED_DEVICE_FAMILY = "1,2";
				TEST_HOST = "$(BUILT_PRODUCTS_DIR)/SwiftUIGridLayout.app/SwiftUIGridLayout";
			};
			name = Debug;
		};
		AB09D90F274B5DC10070FF7E /* Release */ = {
			isa = XCBuildConfiguration;
			buildSettings = {
				ALWAYS_EMBED_SWIFT_STANDARD_LIBRARIES = YES;
				BUNDLE_LOADER = "$(TEST_HOST)";
				CODE_SIGN_STYLE = Automatic;
				CURRENT_PROJECT_VERSION = 1;
				DEVELOPMENT_TEAM = B7N28739PP;
				GENERATE_INFOPLIST_FILE = YES;
				IPHONEOS_DEPLOYMENT_TARGET = 14.0;
				LD_RUNPATH_SEARCH_PATHS = (
					"$(inherited)",
					"@executable_path/Frameworks",
					"@loader_path/Frameworks",
				);
				MARKETING_VERSION = 1.0;
				PRODUCT_BUNDLE_IDENTIFIER = ajaygirolkar.SwiftUIGridLayoutTests;
				PRODUCT_NAME = "$(TARGET_NAME)";
				SWIFT_EMIT_LOC_STRINGS = NO;
				SWIFT_VERSION = 5.0;
				TARGETED_DEVICE_FAMILY = "1,2";
				TEST_HOST = "$(BUILT_PRODUCTS_DIR)/SwiftUIGridLayout.app/SwiftUIGridLayout";
			};
			name = Release;
		};
		AB09D911274B5DC10070FF7E /* Debug */ = {
			isa = XCBuildConfiguration;
			buildSettings = {
				ALWAYS_EMBED_SWIFT_STANDARD_LIBRARIES = YES;
				CODE_SIGN_STYLE = Automatic;
				CURRENT_PROJECT_VERSION = 1;
				DEVELOPMENT_TEAM = B7N28739PP;
				GENERATE_INFOPLIST_FILE = YES;
				LD_RUNPATH_SEARCH_PATHS = (
					"$(inherited)",
					"@executable_path/Frameworks",
					"@loader_path/Frameworks",
				);
				MARKETING_VERSION = 1.0;
				PRODUCT_BUNDLE_IDENTIFIER = ajaygirolkar.SwiftUIGridLayoutUITests;
				PRODUCT_NAME = "$(TARGET_NAME)";
				SWIFT_EMIT_LOC_STRINGS = NO;
				SWIFT_VERSION = 5.0;
				TARGETED_DEVICE_FAMILY = "1,2";
				TEST_TARGET_NAME = SwiftUIGridLayout;
			};
			name = Debug;
		};
		AB09D912274B5DC10070FF7E /* Release */ = {
			isa = XCBuildConfiguration;
			buildSettings = {
				ALWAYS_EMBED_SWIFT_STANDARD_LIBRARIES = YES;
				CODE_SIGN_STYLE = Automatic;
				CURRENT_PROJECT_VERSION = 1;
				DEVELOPMENT_TEAM = B7N28739PP;
				GENERATE_INFOPLIST_FILE = YES;
				LD_RUNPATH_SEARCH_PATHS = (
					"$(inherited)",
					"@executable_path/Frameworks",
					"@loader_path/Frameworks",
				);
				MARKETING_VERSION = 1.0;
				PRODUCT_BUNDLE_IDENTIFIER = ajaygirolkar.SwiftUIGridLayoutUITests;
				PRODUCT_NAME = "$(TARGET_NAME)";
				SWIFT_EMIT_LOC_STRINGS = NO;
				SWIFT_VERSION = 5.0;
				TARGETED_DEVICE_FAMILY = "1,2";
				TEST_TARGET_NAME = SwiftUIGridLayout;
			};
			name = Release;
		};
/* End XCBuildConfiguration section */

/* Begin XCConfigurationList section */
		AB09D8DC274B5DC00070FF7E /* Build configuration list for PBXProject "SwiftUIGridLayout" */ = {
			isa = XCConfigurationList;
			buildConfigurations = (
				AB09D908274B5DC10070FF7E /* Debug */,
				AB09D909274B5DC10070FF7E /* Release */,
			);
			defaultConfigurationIsVisible = 0;
			defaultConfigurationName = Release;
		};
		AB09D90A274B5DC10070FF7E /* Build configuration list for PBXNativeTarget "SwiftUIGridLayout" */ = {
			isa = XCConfigurationList;
			buildConfigurations = (
				AB09D90B274B5DC10070FF7E /* Debug */,
				AB09D90C274B5DC10070FF7E /* Release */,
			);
			defaultConfigurationIsVisible = 0;
			defaultConfigurationName = Release;
		};
		AB09D90D274B5DC10070FF7E /* Build configuration list for PBXNativeTarget "SwiftUIGridLayoutTests" */ = {
			isa = XCConfigurationList;
			buildConfigurations = (
				AB09D90E274B5DC10070FF7E /* Debug */,
				AB09D90F274B5DC10070FF7E /* Release */,
			);
			defaultConfigurationIsVisible = 0;
			defaultConfigurationName = Release;
		};
		AB09D910274B5DC10070FF7E /* Build configuration list for PBXNativeTarget "SwiftUIGridLayoutUITests" */ = {
			isa = XCConfigurationList;
			buildConfigurations = (
				AB09D911274B5DC10070FF7E /* Debug */,
				AB09D912274B5DC10070FF7E /* Release */,
			);
			defaultConfigurationIsVisible = 0;
			defaultConfigurationName = Release;
		};
/* End XCConfigurationList section */

/* Begin XCRemoteSwiftPackageReference section */
		AB09D913274B5F2C0070FF7E /* XCRemoteSwiftPackageReference "QGrid" */ = {
			isa = XCRemoteSwiftPackageReference;
			repositoryURL = "https://github.com/Q-Mobile/QGrid.git";
			requirement = {
				branch = master;
				kind = branch;
			};
		};
/* End XCRemoteSwiftPackageReference section */

/* Begin XCSwiftPackageProductDependency section */
		AB083B3F274D47A800B38C61 /* QGrid */ = {
			isa = XCSwiftPackageProductDependency;
			package = AB09D913274B5F2C0070FF7E /* XCRemoteSwiftPackageReference "QGrid" */;
			productName = QGrid;
		};
/* End XCSwiftPackageProductDependency section */

/* Begin XCVersionGroup section */
		AB09D8EF274B5DC10070FF7E /* SwiftUIGridLayout.xcdatamodeld */ = {
			isa = XCVersionGroup;
			children = (
				AB09D8F0274B5DC10070FF7E /* SwiftUIGridLayout.xcdatamodel */,
			);
			currentVersion = AB09D8F0274B5DC10070FF7E /* SwiftUIGridLayout.xcdatamodel */;
			path = SwiftUIGridLayout.xcdatamodeld;
			sourceTree = "<group>";
			versionGroupType = wrapper.xcdatamodel;
		};
/* End XCVersionGroup section */
	};
	rootObject = AB09D8D9274B5DC00070FF7E /* Project object */;
}
